
Microsoft Visual Studio Solution File, Format Version 12.00
# Visual Studio Version 17
VisualStudioVersion = 17.10.35027.167
MinimumVisualStudioVersion = 10.0.40219.1
Project("{9A19103F-16F7-4668-BE54-9A1E7A4F7556}") = "Aula5", "Aula5.csproj", "{7F0CA209-A012-4F82-8475-D2D3B30824E1}"
EndProject
Project("{9A19103F-16F7-4668-BE54-9A1E7A4F7556}") = "Aula6", "..\Aula6\Aula6.csproj", "{5C943135-17EE-4863-A6EA-CD45A5D89E3B}"
EndProject
Project("{FAE04EC0-301F-11D3-BF4B-00C04F79EFBC}") = "Aula7", "..\Aula7\Aula7.csproj", "{8AAF00D1-8917-4DA0-A31A-FB412C03A7EC}"
EndProject
Project("{FAE04EC0-301F-11D3-BF4B-00C04F79EFBC}") = "Exercicio1", "..\Exercicio1\Exercicio1.csproj", "{135429BD-6D0C-4F00-939E-29880FEE771B}"
EndProject
Project("{FAE04EC0-301F-11D3-BF4B-00C04F79EFBC}") = "Aula8", "..\Aula8\Aula8.csproj", "{285F3978-2DEB-446C-897D-FEF67A6DEBEB}"
EndProject
Global
	GlobalSection(SolutionConfigurationPlatforms) = preSolution
		Debug|Any CPU = Debug|Any CPU
		Release|Any CPU = Release|Any CPU
	EndGlobalSection
	GlobalSection(ProjectConfigurationPlatforms) = postSolution
		{7F0CA209-A012-4F82-8475-D2D3B30824E1}.Debug|Any CPU.ActiveCfg = Debug|Any CPU
		{7F0CA209-A012-4F82-8475-D2D3B30824E1}.Debug|Any CPU.Build.0 = Debug|Any CPU
		{7F0CA209-A012-4F82-8475-D2D3B30824E1}.Release|Any CPU.ActiveCfg = Release|Any CPU
		{7F0CA209-A012-4F82-8475-D2D3B30824E1}.Release|Any CPU.Build.0 = Release|Any CPU
		{5C943135-17EE-4863-A6EA-CD45A5D89E3B}.Debug|Any CPU.ActiveCfg = Debug|Any CPU
		{5C943135-17EE-4863-A6EA-CD45A5D89E3B}.Debug|Any CPU.Build.0 = Debug|Any CPU
		{5C943135-17EE-4863-A6EA-CD45A5D89E3B}.Release|Any CPU.ActiveCfg = Release|Any CPU
		{5C943135-17EE-4863-A6EA-CD45A5D89E3B}.Release|Any CPU.Build.0 = Release|Any CPU
		{8AAF00D1-8917-4DA0-A31A-FB412C03A7EC}.Debug|Any CPU.ActiveCfg = Debug|Any CPU
		{8AAF00D1-8917-4DA0-A31A-FB412C03A7EC}.Debug|Any CPU.Build.0 = Debug|Any CPU
		{8AAF00D1-8917-4DA0-A31A-FB412C03A7EC}.Release|Any CPU.ActiveCfg = Release|Any CPU
		{8AAF00D1-8917-4DA0-A31A-FB412C03A7EC}.Release|Any CPU.Build.0 = Release|Any CPU
		{135429BD-6D0C-4F00-939E-29880FEE771B}.Debug|Any CPU.ActiveCfg = Debug|Any CPU
		{135429BD-6D0C-4F00-939E-29880FEE771B}.Debug|Any CPU.Build.0 = Debug|Any CPU
		{135429BD-6D0C-4F00-939E-29880FEE771B}.Release|Any CPU.ActiveCfg = Release|Any CPU
		{135429BD-6D0C-4F00-939E-29880FEE771B}.Release|Any CPU.Build.0 = Release|Any CPU
		{285F3978-2DEB-446C-897D-FEF67A6DEBEB}.Debug|Any CPU.ActiveCfg = Debug|Any CPU
		{285F3978-2DEB-446C-897D-FEF67A6DEBEB}.Debug|Any CPU.Build.0 = Debug|Any CPU
		{285F3978-2DEB-446C-897D-FEF67A6DEBEB}.Release|Any CPU.ActiveCfg = Release|Any CPU
		{285F3978-2DEB-446C-897D-FEF67A6DEBEB}.Release|Any CPU.Build.0 = Release|Any CPU
	EndGlobalSection
	GlobalSection(SolutionProperties) = preSolution
		HideSolutionNode = FALSE
	EndGlobalSection
	GlobalSection(ExtensibilityGlobals) = postSolution
		SolutionGuid = {69ED0D84-C91C-4F5D-AFE1-195E99D35B4F}
	EndGlobalSection
EndGlobal
